
Microsoft Visual Studio Solution File, Format Version 12.00
# Visual Studio Version 17
VisualStudioVersion = 17.5.33516.290
MinimumVisualStudioVersion = 10.0.40219.1
Project("{FAE04EC0-301F-11D3-BF4B-00C04F79EFBC}") = "TextParsing", "TextParsing\TextParsing.csproj", "{8C9918C0-8D63-42CE-92C5-6ECA0F6E3D27}"
EndProject
Global
	GlobalSection(SolutionConfigurationPlatforms) = preSolution
		Debug|Any CPU = Debug|Any CPU
		Release|Any CPU = Release|Any CPU
	EndGlobalSection
	GlobalSection(ProjectConfigurationPlatforms) = postSolution
		{8C9918C0-8D63-42CE-92C5-6ECA0F6E3D27}.Debug|Any CPU.ActiveCfg = Debug|Any CPU
		{8C9918C0-8D63-42CE-92C5-6ECA0F6E3D27}.Debug|Any CPU.Build.0 = Debug|Any CPU
		{8C9918C0-8D63-42CE-92C5-6ECA0F6E3D27}.Release|Any CPU.ActiveCfg = Release|Any CPU
		{8C9918C0-8D63-42CE-92C5-6ECA0F6E3D27}.Release|Any CPU.Build.0 = Release|Any CPU
	EndGlobalSection
	GlobalSection(SolutionProperties) = preSolution
		HideSolutionNode = FALSE
	EndGlobalSection
	GlobalSection(ExtensibilityGlobals) = postSolution
		SolutionGuid = {E645DB5A-B993-4996-BF6B-05BE46C83EE7}
	EndGlobalSection
EndGlobal
